{
  "name": "mobaxterm2ssh",
  "lockfileVersion": 3,
  "requires": true,
  "packages": {
    "": {
      "dependencies": {
        "inireader": "^2.2.1",
        "ssh-config": "^5.0.0"
      }
    },
    "node_modules/inireader": {
      "version": "2.2.1",
      "resolved": "https://registry.npmjs.org/inireader/-/inireader-2.2.1.tgz",
      "integrity": "sha512-azWKvOIHmEN9ewbhjoiwNG4O2yZvMGC/HMT4JpkZt5uAA5q/si7oABEyKHE7B+7cd3rowW8XfJuzZi/gJcXkWA==",
      "license": "MIT"
    },
    "node_modules/ssh-config": {
      "version": "5.0.0",
      "resolved": "https://registry.npmjs.org/ssh-config/-/ssh-config-5.0.0.tgz",
      "integrity": "sha512-RVJemF95DYAKfn2xogb75e4s3tyq6seexTg1CHXVxaas+OKv1PUsdIdz7ZyaZbW3TvSnJP+zgzNy5oRsrIhIAg==",
      "license": "MIT"
    }
  }
}
